// !$*UTF8*$!
{
	archiveVersion = 1;
	classes = {
	};
	objectVersion = 50;
	objects = {

/* Begin PBXBuildFile section */
		3105D1BE23D6F4460050AB6D /* IdeaDetailViewController.swift in Sources */ = {isa = PBXBuildFile; fileRef = 3105D1BD23D6F4460050AB6D /* IdeaDetailViewController.swift */; };
		3105D1C523D712BA0050AB6D /* Oswald-Bold.ttf in Resources */ = {isa = PBXBuildFile; fileRef = 3105D1BF23D712BA0050AB6D /* Oswald-Bold.ttf */; };
		3105D1C623D712BA0050AB6D /* Oswald-Light.ttf in Resources */ = {isa = PBXBuildFile; fileRef = 3105D1C023D712BA0050AB6D /* Oswald-Light.ttf */; };
		3105D1C723D712BA0050AB6D /* Oswald-ExtraLight.ttf in Resources */ = {isa = PBXBuildFile; fileRef = 3105D1C123D712BA0050AB6D /* Oswald-ExtraLight.ttf */; };
		3105D1C823D712BA0050AB6D /* Oswald-Regular.ttf in Resources */ = {isa = PBXBuildFile; fileRef = 3105D1C223D712BA0050AB6D /* Oswald-Regular.ttf */; };
		3105D1C923D712BA0050AB6D /* Oswald-Medium.ttf in Resources */ = {isa = PBXBuildFile; fileRef = 3105D1C323D712BA0050AB6D /* Oswald-Medium.ttf */; };
		3105D1CA23D712BA0050AB6D /* Oswald-SemiBold.ttf in Resources */ = {isa = PBXBuildFile; fileRef = 3105D1C423D712BA0050AB6D /* Oswald-SemiBold.ttf */; };
		3186CE7123D5EC4100D9CD9C /* AppDelegate.swift in Sources */ = {isa = PBXBuildFile; fileRef = 3186CE7023D5EC4100D9CD9C /* AppDelegate.swift */; };
		3186CE7323D5EC4100D9CD9C /* SceneDelegate.swift in Sources */ = {isa = PBXBuildFile; fileRef = 3186CE7223D5EC4100D9CD9C /* SceneDelegate.swift */; };
		3186CE7523D5EC4100D9CD9C /* ViewController.swift in Sources */ = {isa = PBXBuildFile; fileRef = 3186CE7423D5EC4100D9CD9C /* ViewController.swift */; };
		3186CE7823D5EC4100D9CD9C /* Main.storyboard in Resources */ = {isa = PBXBuildFile; fileRef = 3186CE7623D5EC4100D9CD9C /* Main.storyboard */; };
		3186CE7A23D5EC4A00D9CD9C /* Assets.xcassets in Resources */ = {isa = PBXBuildFile; fileRef = 3186CE7923D5EC4A00D9CD9C /* Assets.xcassets */; };
		3186CE7D23D5EC4A00D9CD9C /* LaunchScreen.storyboard in Resources */ = {isa = PBXBuildFile; fileRef = 3186CE7B23D5EC4A00D9CD9C /* LaunchScreen.storyboard */; };
		3186CE8623D5ECC800D9CD9C /* CoreData.framework in Frameworks */ = {isa = PBXBuildFile; fileRef = 3186CE8523D5ECC800D9CD9C /* CoreData.framework */; };
		3186CE8923D5ED5600D9CD9C /* Model.xcdatamodeld in Sources */ = {isa = PBXBuildFile; fileRef = 3186CE8723D5ED5600D9CD9C /* Model.xcdatamodeld */; };
		3186CE8B23D5F57900D9CD9C /* DAO.swift in Sources */ = {isa = PBXBuildFile; fileRef = 3186CE8A23D5F57900D9CD9C /* DAO.swift */; };
/* End PBXBuildFile section */

/* Begin PBXFileReference section */
		3105D1BD23D6F4460050AB6D /* IdeaDetailViewController.swift */ = {isa = PBXFileReference; lastKnownFileType = sourcecode.swift; path = IdeaDetailViewController.swift; sourceTree = "<group>"; };
		3105D1BF23D712BA0050AB6D /* Oswald-Bold.ttf */ = {isa = PBXFileReference; lastKnownFileType = file; name = "Oswald-Bold.ttf"; path = "../Oswald/Oswald-Bold.ttf"; sourceTree = "<group>"; };
		3105D1C023D712BA0050AB6D /* Oswald-Light.ttf */ = {isa = PBXFileReference; lastKnownFileType = file; name = "Oswald-Light.ttf"; path = "../Oswald/Oswald-Light.ttf"; sourceTree = "<group>"; };
		3105D1C123D712BA0050AB6D /* Oswald-ExtraLight.ttf */ = {isa = PBXFileReference; lastKnownFileType = file; name = "Oswald-ExtraLight.ttf"; path = "../Oswald/Oswald-ExtraLight.ttf"; sourceTree = "<group>"; };
		3105D1C223D712BA0050AB6D /* Oswald-Regular.ttf */ = {isa = PBXFileReference; lastKnownFileType = file; name = "Oswald-Regular.ttf"; path = "../Oswald/Oswald-Regular.ttf"; sourceTree = "<group>"; };
		3105D1C323D712BA0050AB6D /* Oswald-Medium.ttf */ = {isa = PBXFileReference; lastKnownFileType = file; name = "Oswald-Medium.ttf"; path = "../Oswald/Oswald-Medium.ttf"; sourceTree = "<group>"; };
		3105D1C423D712BA0050AB6D /* Oswald-SemiBold.ttf */ = {isa = PBXFileReference; lastKnownFileType = file; name = "Oswald-SemiBold.ttf"; path = "../Oswald/Oswald-SemiBold.ttf"; sourceTree = "<group>"; };
		3186CE6D23D5EC4100D9CD9C /* SwiftPersistanceDemo.app */ = {isa = PBXFileReference; explicitFileType = wrapper.application; includeInIndex = 0; path = SwiftPersistanceDemo.app; sourceTree = BUILT_PRODUCTS_DIR; };
		3186CE7023D5EC4100D9CD9C /* AppDelegate.swift */ = {isa = PBXFileReference; lastKnownFileType = sourcecode.swift; path = AppDelegate.swift; sourceTree = "<group>"; };
		3186CE7223D5EC4100D9CD9C /* SceneDelegate.swift */ = {isa = PBXFileReference; lastKnownFileType = sourcecode.swift; path = SceneDelegate.swift; sourceTree = "<group>"; };
		3186CE7423D5EC4100D9CD9C /* ViewController.swift */ = {isa = PBXFileReference; lastKnownFileType = sourcecode.swift; path = ViewController.swift; sourceTree = "<group>"; };
		3186CE7723D5EC4100D9CD9C /* Base */ = {isa = PBXFileReference; lastKnownFileType = file.storyboard; name = Base; path = Base.lproj/Main.storyboard; sourceTree = "<group>"; };
		3186CE7923D5EC4A00D9CD9C /* Assets.xcassets */ = {isa = PBXFileReference; lastKnownFileType = folder.assetcatalog; path = Assets.xcassets; sourceTree = "<group>"; };
		3186CE7C23D5EC4A00D9CD9C /* Base */ = {isa = PBXFileReference; lastKnownFileType = file.storyboard; name = Base; path = Base.lproj/LaunchScreen.storyboard; sourceTree = "<group>"; };
		3186CE7E23D5EC4A00D9CD9C /* Info.plist */ = {isa = PBXFileReference; lastKnownFileType = text.plist.xml; path = Info.plist; sourceTree = "<group>"; };
		3186CE8523D5ECC800D9CD9C /* CoreData.framework */ = {isa = PBXFileReference; lastKnownFileType = wrapper.framework; name = CoreData.framework; path = System/Library/Frameworks/CoreData.framework; sourceTree = SDKROOT; };
		3186CE8823D5ED5600D9CD9C /* Model.xcdatamodel */ = {isa = PBXFileReference; lastKnownFileType = wrapper.xcdatamodel; path = Model.xcdatamodel; sourceTree = "<group>"; };
		3186CE8A23D5F57900D9CD9C /* DAO.swift */ = {isa = PBXFileReference; lastKnownFileType = sourcecode.swift; path = DAO.swift; sourceTree = "<group>"; };
/* End PBXFileReference section */

/* Begin PBXFrameworksBuildPhase section */
		3186CE6A23D5EC4100D9CD9C /* Frameworks */ = {
			isa = PBXFrameworksBuildPhase;
			buildActionMask = 2147483647;
			files = (
				3186CE8623D5ECC800D9CD9C /* CoreData.framework in Frameworks */,
			);
			runOnlyForDeploymentPostprocessing = 0;
		};
/* End PBXFrameworksBuildPhase section */

/* Begin PBXGroup section */
		3105D1CB23D712EE0050AB6D /* Fonts */ = {
			isa = PBXGroup;
			children = (
				3105D1BF23D712BA0050AB6D /* Oswald-Bold.ttf */,
				3105D1C123D712BA0050AB6D /* Oswald-ExtraLight.ttf */,
				3105D1C023D712BA0050AB6D /* Oswald-Light.ttf */,
				3105D1C323D712BA0050AB6D /* Oswald-Medium.ttf */,
				3105D1C223D712BA0050AB6D /* Oswald-Regular.ttf */,
				3105D1C423D712BA0050AB6D /* Oswald-SemiBold.ttf */,
			);
			path = Fonts;
			sourceTree = "<group>";
		};
		3186CE6423D5EC4100D9CD9C = {
			isa = PBXGroup;
			children = (
				3186CE6F23D5EC4100D9CD9C /* SwiftPersistanceDemo */,
				3186CE6E23D5EC4100D9CD9C /* Products */,
				3186CE8423D5ECC800D9CD9C /* Frameworks */,
			);
			sourceTree = "<group>";
		};
		3186CE6E23D5EC4100D9CD9C /* Products */ = {
			isa = PBXGroup;
			children = (
				3186CE6D23D5EC4100D9CD9C /* SwiftPersistanceDemo.app */,
			);
			name = Products;
			sourceTree = "<group>";
		};
		3186CE6F23D5EC4100D9CD9C /* SwiftPersistanceDemo */ = {
			isa = PBXGroup;
			children = (
				3105D1CB23D712EE0050AB6D /* Fonts */,
				3186CE7023D5EC4100D9CD9C /* AppDelegate.swift */,
				3186CE7223D5EC4100D9CD9C /* SceneDelegate.swift */,
				3186CE7423D5EC4100D9CD9C /* ViewController.swift */,
				3186CE7623D5EC4100D9CD9C /* Main.storyboard */,
				3186CE7923D5EC4A00D9CD9C /* Assets.xcassets */,
				3186CE7B23D5EC4A00D9CD9C /* LaunchScreen.storyboard */,
				3186CE7E23D5EC4A00D9CD9C /* Info.plist */,
				3186CE8723D5ED5600D9CD9C /* Model.xcdatamodeld */,
				3186CE8A23D5F57900D9CD9C /* DAO.swift */,
				3105D1BD23D6F4460050AB6D /* IdeaDetailViewController.swift */,
			);
			path = SwiftPersistanceDemo;
			sourceTree = "<group>";
		};
		3186CE8423D5ECC800D9CD9C /* Frameworks */ = {
			isa = PBXGroup;
			children = (
				3186CE8523D5ECC800D9CD9C /* CoreData.framework */,
			);
			name = Frameworks;
			sourceTree = "<group>";
		};
/* End PBXGroup section */

/* Begin PBXNativeTarget section */
		3186CE6C23D5EC4100D9CD9C /* SwiftPersistanceDemo */ = {
			isa = PBXNativeTarget;
			buildConfigurationList = 3186CE8123D5EC4A00D9CD9C /* Build configuration list for PBXNativeTarget "SwiftPersistanceDemo" */;
			buildPhases = (
				3186CE6923D5EC4100D9CD9C /* Sources */,
				3186CE6A23D5EC4100D9CD9C /* Frameworks */,
				3186CE6B23D5EC4100D9CD9C /* Resources */,
			);
			buildRules = (
			);
			dependencies = (
			);
			name = SwiftPersistanceDemo;
			productName = SwiftPersistanceDemo;
			productReference = 3186CE6D23D5EC4100D9CD9C /* SwiftPersistanceDemo.app */;
			productType = "com.apple.product-type.application";
		};
/* End PBXNativeTarget section */

/* Begin PBXProject section */
		3186CE6523D5EC4100D9CD9C /* Project object */ = {
			isa = PBXProject;
			attributes = {
				LastSwiftUpdateCheck = 1130;
				LastUpgradeCheck = 1130;
				ORGANIZATIONNAME = mobapp15;
				TargetAttributes = {
					3186CE6C23D5EC4100D9CD9C = {
						CreatedOnToolsVersion = 11.3;
					};
				};
			};
			buildConfigurationList = 3186CE6823D5EC4100D9CD9C /* Build configuration list for PBXProject "SwiftPersistanceDemo" */;
			compatibilityVersion = "Xcode 9.3";
			developmentRegion = en;
			hasScannedForEncodings = 0;
			knownRegions = (
				en,
				Base,
			);
			mainGroup = 3186CE6423D5EC4100D9CD9C;
			productRefGroup = 3186CE6E23D5EC4100D9CD9C /* Products */;
			projectDirPath = "";
			projectRoot = "";
			targets = (
				3186CE6C23D5EC4100D9CD9C /* SwiftPersistanceDemo */,
			);
		};
/* End PBXProject section */

/* Begin PBXResourcesBuildPhase section */
		3186CE6B23D5EC4100D9CD9C /* Resources */ = {
			isa = PBXResourcesBuildPhase;
			buildActionMask = 2147483647;
			files = (
				3186CE7D23D5EC4A00D9CD9C /* LaunchScreen.storyboard in Resources */,
				3105D1C623D712BA0050AB6D /* Oswald-Light.ttf in Resources */,
				3105D1C723D712BA0050AB6D /* Oswald-ExtraLight.ttf in Resources */,
				3105D1C823D712BA0050AB6D /* Oswald-Regular.ttf in Resources */,
				3105D1CA23D712BA0050AB6D /* Oswald-SemiBold.ttf in Resources */,
				3186CE7A23D5EC4A00D9CD9C /* Assets.xcassets in Resources */,
				3105D1C923D712BA0050AB6D /* Oswald-Medium.ttf in Resources */,
				3186CE7823D5EC4100D9CD9C /* Main.storyboard in Resources */,
				3105D1C523D712BA0050AB6D /* Oswald-Bold.ttf in Resources */,
			);
			runOnlyForDeploymentPostprocessing = 0;
		};
/* End PBXResourcesBuildPhase section */

/* Begin PBXSourcesBuildPhase section */
		3186CE6923D5EC4100D9CD9C /* Sources */ = {
			isa = PBXSourcesBuildPhase;
			buildActionMask = 2147483647;
			files = (
				3186CE7523D5EC4100D9CD9C /* ViewController.swift in Sources */,
				3186CE7123D5EC4100D9CD9C /* AppDelegate.swift in Sources */,
				3186CE7323D5EC4100D9CD9C /* SceneDelegate.swift in Sources */,
				3186CE8923D5ED5600D9CD9C /* Model.xcdatamodeld in Sources */,
				3105D1BE23D6F4460050AB6D /* IdeaDetailViewController.swift in Sources */,
				3186CE8B23D5F57900D9CD9C /* DAO.swift in Sources */,
			);
			runOnlyForDeploymentPostprocessing = 0;
		};
/* End PBXSourcesBuildPhase section */

/* Begin PBXVariantGroup section */
		3186CE7623D5EC4100D9CD9C /* Main.storyboard */ = {
			isa = PBXVariantGroup;
			children = (
				3186CE7723D5EC4100D9CD9C /* Base */,
			);
			name = Main.storyboard;
			sourceTree = "<group>";
		};
		3186CE7B23D5EC4A00D9CD9C /* LaunchScreen.storyboard */ = {
			isa = PBXVariantGroup;
			children = (
				3186CE7C23D5EC4A00D9CD9C /* Base */,
			);
			name = LaunchScreen.storyboard;
			sourceTree = "<group>";
		};
/* End PBXVariantGroup section */

/* Begin XCBuildConfiguration section */
		3186CE7F23D5EC4A00D9CD9C /* Debug */ = {
			isa = XCBuildConfiguration;
			buildSettings = {
				ALWAYS_SEARCH_USER_PATHS = NO;
				CLANG_ANALYZER_NONNULL = YES;
				CLANG_ANALYZER_NUMBER_OBJECT_CONVERSION = YES_AGGRESSIVE;
				CLANG_CXX_LANGUAGE_STANDARD = "gnu++14";
				CLANG_CXX_LIBRARY = "libc++";
				CLANG_ENABLE_MODULES = YES;
				CLANG_ENABLE_OBJC_ARC = YES;
				CLANG_ENABLE_OBJC_WEAK = YES;
				CLANG_WARN_BLOCK_CAPTURE_AUTORELEASING = YES;
				CLANG_WARN_BOOL_CONVERSION = YES;
				CLANG_WARN_COMMA = YES;
				CLANG_WARN_CONSTANT_CONVERSION = YES;
				CLANG_WARN_DEPRECATED_OBJC_IMPLEMENTATIONS = YES;
				CLANG_WARN_DIRECT_OBJC_ISA_USAGE = YES_ERROR;
				CLANG_WARN_DOCUMENTATION_COMMENTS = YES;
				CLANG_WARN_EMPTY_BODY = YES;
				CLANG_WARN_ENUM_CONVERSION = YES;
				CLANG_WARN_INFINITE_RECURSION = YES;
				CLANG_WARN_INT_CONVERSION = YES;
				CLANG_WARN_NON_LITERAL_NULL_CONVERSION = YES;
				CLANG_WARN_OBJC_IMPLICIT_RETAIN_SELF = YES;
				CLANG_WARN_OBJC_LITERAL_CONVERSION = YES;
				CLANG_WARN_OBJC_ROOT_CLASS = YES_ERROR;
				CLANG_WARN_RANGE_LOOP_ANALYSIS = YES;
				CLANG_WARN_STRICT_PROTOTYPES = YES;
				CLANG_WARN_SUSPICIOUS_MOVE = YES;
				CLANG_WARN_UNGUARDED_AVAILABILITY = YES_AGGRESSIVE;
				CLANG_WARN_UNREACHABLE_CODE = YES;
				CLANG_WARN__DUPLICATE_METHOD_MATCH = YES;
				COPY_PHASE_STRIP = NO;
				DEBUG_INFORMATION_FORMAT = dwarf;
				ENABLE_STRICT_OBJC_MSGSEND = YES;
				ENABLE_TESTABILITY = YES;
				GCC_C_LANGUAGE_STANDARD = gnu11;
				GCC_DYNAMIC_NO_PIC = NO;
				GCC_NO_COMMON_BLOCKS = YES;
				GCC_OPTIMIZATION_LEVEL = 0;
				GCC_PREPROCESSOR_DEFINITIONS = (
					"DEBUG=1",
					"$(inherited)",
				);
				GCC_WARN_64_TO_32_BIT_CONVERSION = YES;
				GCC_WARN_ABOUT_RETURN_TYPE = YES_ERROR;
				GCC_WARN_UNDECLARED_SELECTOR = YES;
				GCC_WARN_UNINITIALIZED_AUTOS = YES_AGGRESSIVE;
				GCC_WARN_UNUSED_FUNCTION = YES;
				GCC_WARN_UNUSED_VARIABLE = YES;
				IPHONEOS_DEPLOYMENT_TARGET = 13.2;
				MTL_ENABLE_DEBUG_INFO = INCLUDE_SOURCE;
				MTL_FAST_MATH = YES;
				ONLY_ACTIVE_ARCH = YES;
				SDKROOT = iphoneos;
				SWIFT_ACTIVE_COMPILATION_CONDITIONS = DEBUG;
				SWIFT_OPTIMIZATION_LEVEL = "-Onone";
			};
			name = Debug;
		};
		3186CE8023D5EC4A00D9CD9C /* Release */ = {
			isa = XCBuildConfiguration;
			buildSettings = {
				ALWAYS_SEARCH_USER_PATHS = NO;
				CLANG_ANALYZER_NONNULL = YES;
				CLANG_ANALYZER_NUMBER_OBJECT_CONVERSION = YES_AGGRESSIVE;
				CLANG_CXX_LANGUAGE_STANDARD = "gnu++14";
				CLANG_CXX_LIBRARY = "libc++";
				CLANG_ENABLE_MODULES = YES;
				CLANG_ENABLE_OBJC_ARC = YES;
				CLANG_ENABLE_OBJC_WEAK = YES;
				CLANG_WARN_BLOCK_CAPTURE_AUTORELEASING = YES;
				CLANG_WARN_BOOL_CONVERSION = YES;
				CLANG_WARN_COMMA = YES;
				CLANG_WARN_CONSTANT_CONVERSION = YES;
				CLANG_WARN_DEPRECATED_OBJC_IMPLEMENTATIONS = YES;
				CLANG_WARN_DIRECT_OBJC_ISA_USAGE = YES_ERROR;
				CLANG_WARN_DOCUMENTATION_COMMENTS = YES;
				CLANG_WARN_EMPTY_BODY = YES;
				CLANG_WARN_ENUM_CONVERSION = YES;
				CLANG_WARN_INFINITE_RECURSION = YES;
				CLANG_WARN_INT_CONVERSION = YES;
				CLANG_WARN_NON_LITERAL_NULL_CONVERSION = YES;
				CLANG_WARN_OBJC_IMPLICIT_RETAIN_SELF = YES;
				CLANG_WARN_OBJC_LITERAL_CONVERSION = YES;
				CLANG_WARN_OBJC_ROOT_CLASS = YES_ERROR;
				CLANG_WARN_RANGE_LOOP_ANALYSIS = YES;
				CLANG_WARN_STRICT_PROTOTYPES = YES;
				CLANG_WARN_SUSPICIOUS_MOVE = YES;
				CLANG_WARN_UNGUARDED_AVAILABILITY = YES_AGGRESSIVE;
				CLANG_WARN_UNREACHABLE_CODE = YES;
				CLANG_WARN__DUPLICATE_METHOD_MATCH = YES;
				COPY_PHASE_STRIP = NO;
				DEBUG_INFORMATION_FORMAT = "dwarf-with-dsym";
				ENABLE_NS_ASSERTIONS = NO;
				ENABLE_STRICT_OBJC_MSGSEND = YES;
				GCC_C_LANGUAGE_STANDARD = gnu11;
				GCC_NO_COMMON_BLOCKS = YES;
				GCC_WARN_64_TO_32_BIT_CONVERSION = YES;
				GCC_WARN_ABOUT_RETURN_TYPE = YES_ERROR;
				GCC_WARN_UNDECLARED_SELECTOR = YES;
				GCC_WARN_UNINITIALIZED_AUTOS = YES_AGGRESSIVE;
				GCC_WARN_UNUSED_FUNCTION = YES;
				GCC_WARN_UNUSED_VARIABLE = YES;
				IPHONEOS_DEPLOYMENT_TARGET = 13.2;
				MTL_ENABLE_DEBUG_INFO = NO;
				MTL_FAST_MATH = YES;
				SDKROOT = iphoneos;
				SWIFT_COMPILATION_MODE = wholemodule;
				SWIFT_OPTIMIZATION_LEVEL = "-O";
				VALIDATE_PRODUCT = YES;
			};
			name = Release;
		};
		3186CE8223D5EC4A00D9CD9C /* Debug */ = {
			isa = XCBuildConfiguration;
			buildSettings = {
				ASSETCATALOG_COMPILER_APPICON_NAME = AppIcon;
				CODE_SIGN_STYLE = Automatic;
				INFOPLIST_FILE = SwiftPersistanceDemo/Info.plist;
				LD_RUNPATH_SEARCH_PATHS = (
					"$(inherited)",
					"@executable_path/Frameworks",
				);
				PRODUCT_BUNDLE_IDENTIFIER = deloof.wouter.SwiftPersistanceDemo;
				PRODUCT_NAME = "$(TARGET_NAME)";
				SWIFT_VERSION = 5.0;
				TARGETED_DEVICE_FAMILY = 1;
			};
			name = Debug;
		};
		3186CE8323D5EC4A00D9CD9C /* Release */ = {
			isa = XCBuildConfiguration;
			buildSettings = {
				ASSETCATALOG_COMPILER_APPICON_NAME = AppIcon;
				CODE_SIGN_STYLE = Automatic;
				INFOPLIST_FILE = SwiftPersistanceDemo/Info.plist;
				LD_RUNPATH_SEARCH_PATHS = (
					"$(inherited)",
					"@executable_path/Frameworks",
				);
				PRODUCT_BUNDLE_IDENTIFIER = deloof.wouter.SwiftPersistanceDemo;
				PRODUCT_NAME = "$(TARGET_NAME)";
				SWIFT_VERSION = 5.0;
				TARGETED_DEVICE_FAMILY = 1;
			};
			name = Release;
		};
/* End XCBuildConfiguration section */

/* Begin XCConfigurationList section */
		3186CE6823D5EC4100D9CD9C /* Build configuration list for PBXProject "SwiftPersistanceDemo" */ = {
			isa = XCConfigurationList;
			buildConfigurations = (
				3186CE7F23D5EC4A00D9CD9C /* Debug */,
				3186CE8023D5EC4A00D9CD9C /* Release */,
			);
			defaultConfigurationIsVisible = 0;
			defaultConfigurationName = Release;
		};
		3186CE8123D5EC4A00D9CD9C /* Build configuration list for PBXNativeTarget "SwiftPersistanceDemo" */ = {
			isa = XCConfigurationList;
			buildConfigurations = (
				3186CE8223D5EC4A00D9CD9C /* Debug */,
				3186CE8323D5EC4A00D9CD9C /* Release */,
			);
			defaultConfigurationIsVisible = 0;
			defaultConfigurationName = Release;
		};
/* End XCConfigurationList section */

/* Begin XCVersionGroup section */
		3186CE8723D5ED5600D9CD9C /* Model.xcdatamodeld */ = {
			isa = XCVersionGroup;
			children = (
				3186CE8823D5ED5600D9CD9C /* Model.xcdatamodel */,
			);
			currentVersion = 3186CE8823D5ED5600D9CD9C /* Model.xcdatamodel */;
			path = Model.xcdatamodeld;
			sourceTree = "<group>";
			versionGroupType = wrapper.xcdatamodel;
		};
/* End XCVersionGroup section */
	};
	rootObject = 3186CE6523D5EC4100D9CD9C /* Project object */;
}
